NeoBundleLock neobundle.vim 1306c131ff0a6cc094b7ff0727350e442b5427f1
NeoBundleLock nerdtree 599238ad99642e8767c4be6adda75bd84afdfd42
NeoBundleLock vim-ansible-yaml a6f92d17ff01b2e63d6c9fdbb7f7e13c7fd41d14
NeoBundleLock vim-commentary 141d9d32a9fb58fe474fcc89cd7221eb2dd57b3a
NeoBundleLock vim-qfreplace 89e64ae24fb4b8e2402ba6d84971c06606f4adf4
